// !$*UTF8*$!
{
	archiveVersion = 1;
	classes = {
	};
	objectVersion = 46;
	objects = {

/* Begin PBXBuildFile section */
		BC13218C1EB31FCA00E33CFF /* main.m in Sources */ = {isa = PBXBuildFile; fileRef = BC13218B1EB31FCA00E33CFF /* main.m */; };
		BC13218F1EB31FCA00E33CFF /* AppDelegate.m in Sources */ = {isa = PBXBuildFile; fileRef = BC13218E1EB31FCA00E33CFF /* AppDelegate.m */; };
		BC1321921EB31FCA00E33CFF /* ViewController.m in Sources */ = {isa = PBXBuildFile; fileRef = BC1321911EB31FCA00E33CFF /* ViewController.m */; };
		BC1321951EB31FCA00E33CFF /* Main.storyboard in Resources */ = {isa = PBXBuildFile; fileRef = BC1321931EB31FCA00E33CFF /* Main.storyboard */; };
		BC1321971EB31FCA00E33CFF /* Assets.xcassets in Resources */ = {isa = PBXBuildFile; fileRef = BC1321961EB31FCA00E33CFF /* Assets.xcassets */; };
		BC13219A1EB31FCA00E33CFF /* LaunchScreen.storyboard in Resources */ = {isa = PBXBuildFile; fileRef = BC1321981EB31FCA00E33CFF /* LaunchScreen.storyboard */; };
/* End PBXBuildFile section */

/* Begin PBXFileReference section */
		BC1321871EB31FCA00E33CFF /* addressBook.app */ = {isa = PBXFileReference; explicitFileType = wrapper.application; includeInIndex = 0; path = addressBook.app; sourceTree = BUILT_PRODUCTS_DIR; };
		BC13218B1EB31FCA00E33CFF /* main.m */ = {isa = PBXFileReference; lastKnownFileType = sourcecode.c.objc; path = main.m; sourceTree = "<group>"; };
		BC13218D1EB31FCA00E33CFF /* AppDelegate.h */ = {isa = PBXFileReference; lastKnownFileType = sourcecode.c.h; path = AppDelegate.h; sourceTree = "<group>"; };
		BC13218E1EB31FCA00E33CFF /* AppDelegate.m */ = {isa = PBXFileReference; lastKnownFileType = sourcecode.c.objc; path = AppDelegate.m; sourceTree = "<group>"; };
		BC1321901EB31FCA00E33CFF /* ViewController.h */ = {isa = PBXFileReference; lastKnownFileType = sourcecode.c.h; path = ViewController.h; sourceTree = "<group>"; };
		BC1321911EB31FCA00E33CFF /* ViewController.m */ = {isa = PBXFileReference; lastKnownFileType = sourcecode.c.objc; path = ViewController.m; sourceTree = "<group>"; };
		BC1321941EB31FCA00E33CFF /* Base */ = {isa = PBXFileReference; lastKnownFileType = file.storyboard; name = Base; path = Base.lproj/Main.storyboard; sourceTree = "<group>"; };
		BC1321961EB31FCA00E33CFF /* Assets.xcassets */ = {isa = PBXFileReference; lastKnownFileType = folder.assetcatalog; path = Assets.xcassets; sourceTree = "<group>"; };
		BC1321991EB31FCA00E33CFF /* Base */ = {isa = PBXFileReference; lastKnownFileType = file.storyboard; name = Base; path = Base.lproj/LaunchScreen.storyboard; sourceTree = "<group>"; };
		BC13219B1EB31FCA00E33CFF /* Info.plist */ = {isa = PBXFileReference; lastKnownFileType = text.plist.xml; path = Info.plist; sourceTree = "<group>"; };
/* End PBXFileReference section */

/* Begin PBXFrameworksBuildPhase section */
		BC1321841EB31FCA00E33CFF /* Frameworks */ = {
			isa = PBXFrameworksBuildPhase;
			buildActionMask = 2147483647;
			files = (
			);
			runOnlyForDeploymentPostprocessing = 0;
		};
/* End PBXFrameworksBuildPhase section */

/* Begin PBXGroup section */
		BC13217E1EB31FCA00E33CFF = {
			isa = PBXGroup;
			children = (
				BC1321891EB31FCA00E33CFF /* addressBook */,
				BC1321881EB31FCA00E33CFF /* Products */,
			);
			sourceTree = "<group>";
		};
		BC1321881EB31FCA00E33CFF /* Products */ = {
			isa = PBXGroup;
			children = (
				BC1321871EB31FCA00E33CFF /* addressBook.app */,
			);
			name = Products;
			sourceTree = "<group>";
		};
		BC1321891EB31FCA00E33CFF /* addressBook */ = {
			isa = PBXGroup;
			children = (
				BC13218D1EB31FCA00E33CFF /* AppDelegate.h */,
				BC13218E1EB31FCA00E33CFF /* AppDelegate.m */,
				BC1321901EB31FCA00E33CFF /* ViewController.h */,
				BC1321911EB31FCA00E33CFF /* ViewController.m */,
				BC1321931EB31FCA00E33CFF /* Main.storyboard */,
				BC1321961EB31FCA00E33CFF /* Assets.xcassets */,
				BC1321981EB31FCA00E33CFF /* LaunchScreen.storyboard */,
				BC13219B1EB31FCA00E33CFF /* Info.plist */,
				BC13218A1EB31FCA00E33CFF /* Supporting Files */,
			);
			path = addressBook;
			sourceTree = "<group>";
		};
		BC13218A1EB31FCA00E33CFF /* Supporting Files */ = {
			isa = PBXGroup;
			children = (
				BC13218B1EB31FCA00E33CFF /* main.m */,
			);
			name = "Supporting Files";
			sourceTree = "<group>";
		};
/* End PBXGroup section */

/* Begin PBXNativeTarget section */
		BC1321861EB31FCA00E33CFF /* addressBook */ = {
			isa = PBXNativeTarget;
			buildConfigurationList = BC13219E1EB31FCA00E33CFF /* Build configuration list for PBXNativeTarget "addressBook" */;
			buildPhases = (
				BC1321831EB31FCA00E33CFF /* Sources */,
				BC1321841EB31FCA00E33CFF /* Frameworks */,
				BC1321851EB31FCA00E33CFF /* Resources */,
			);
			buildRules = (
			);
			dependencies = (
			);
			name = addressBook;
			productName = addressBook;
			productReference = BC1321871EB31FCA00E33CFF /* addressBook.app */;
			productType = "com.apple.product-type.application";
		};
/* End PBXNativeTarget section */

/* Begin PBXProject section */
		BC13217F1EB31FCA00E33CFF /* Project object */ = {
			isa = PBXProject;
			attributes = {
				LastUpgradeCheck = 0800;
				ORGANIZATIONNAME = yangxutao;
				TargetAttributes = {
					BC1321861EB31FCA00E33CFF = {
						CreatedOnToolsVersion = 8.0;
						ProvisioningStyle = Automatic;
					};
				};
			};
			buildConfigurationList = BC1321821EB31FCA00E33CFF /* Build configuration list for PBXProject "addressBook" */;
			compatibilityVersion = "Xcode 3.2";
			developmentRegion = English;
			hasScannedForEncodings = 0;
			knownRegions = (
				en,
				Base,
			);
			mainGroup = BC13217E1EB31FCA00E33CFF;
			productRefGroup = BC1321881EB31FCA00E33CFF /* Products */;
			projectDirPath = "";
			projectRoot = "";
			targets = (
				BC1321861EB31FCA00E33CFF /* addressBook */,
			);
		};
/* End PBXProject section */

/* Begin PBXResourcesBuildPhase section */
		BC1321851EB31FCA00E33CFF /* Resources */ = {
			isa = PBXResourcesBuildPhase;
			buildActionMask = 2147483647;
			files = (
				BC13219A1EB31FCA00E33CFF /* LaunchScreen.storyboard in Resources */,
				BC1321971EB31FCA00E33CFF /* Assets.xcassets in Resources */,
				BC1321951EB31FCA00E33CFF /* Main.storyboard in Resources */,
			);
			runOnlyForDeploymentPostprocessing = 0;
		};
/* End PBXResourcesBuildPhase section */

/* Begin PBXSourcesBuildPhase section */
		BC1321831EB31FCA00E33CFF /* Sources */ = {
			isa = PBXSourcesBuildPhase;
			buildActionMask = 2147483647;
			files = (
				BC1321921EB31FCA00E33CFF /* ViewController.m in Sources */,
				BC13218F1EB31FCA00E33CFF /* AppDelegate.m in Sources */,
				BC13218C1EB31FCA00E33CFF /* main.m in Sources */,
			);
			runOnlyForDeploymentPostprocessing = 0;
		};
/* End PBXSourcesBuildPhase section */

/* Begin PBXVariantGroup section */
		BC1321931EB31FCA00E33CFF /* Main.storyboard */ = {
			isa = PBXVariantGroup;
			children = (
				BC1321941EB31FCA00E33CFF /* Base */,
			);
			name = Main.storyboard;
			sourceTree = "<group>";
		};
		BC1321981EB31FCA00E33CFF /* LaunchScreen.storyboard */ = {
			isa = PBXVariantGroup;
			children = (
				BC1321991EB31FCA00E33CFF /* Base */,
			);
			name = LaunchScreen.storyboard;
			sourceTree = "<group>";
		};
/* End PBXVariantGroup section */

/* Begin XCBuildConfiguration section */
		BC13219C1EB31FCA00E33CFF /* Debug */ = {
			isa = XCBuildConfiguration;
			buildSettings = {
				ALWAYS_SEARCH_USER_PATHS = NO;
				CLANG_ANALYZER_NONNULL = YES;
				CLANG_CXX_LANGUAGE_STANDARD = "gnu++0x";
				CLANG_CXX_LIBRARY = "libc++";
				CLANG_ENABLE_MODULES = YES;
				CLANG_ENABLE_OBJC_ARC = YES;
				CLANG_WARN_BOOL_CONVERSION = YES;
				CLANG_WARN_CONSTANT_CONVERSION = YES;
				CLANG_WARN_DIRECT_OBJC_ISA_USAGE = YES_ERROR;
				CLANG_WARN_DOCUMENTATION_COMMENTS = YES;
				CLANG_WARN_EMPTY_BODY = YES;
				CLANG_WARN_ENUM_CONVERSION = YES;
				CLANG_WARN_INFINITE_RECURSION = YES;
				CLANG_WARN_INT_CONVERSION = YES;
				CLANG_WARN_OBJC_ROOT_CLASS = YES_ERROR;
				CLANG_WARN_SUSPICIOUS_MOVES = YES;
				CLANG_WARN_UNREACHABLE_CODE = YES;
				CLANG_WARN__DUPLICATE_METHOD_MATCH = YES;
				"CODE_SIGN_IDENTITY[sdk=iphoneos*]" = "iPhone Developer";
				COPY_PHASE_STRIP = NO;
				DEBUG_INFORMATION_FORMAT = dwarf;
				ENABLE_STRICT_OBJC_MSGSEND = YES;
				ENABLE_TESTABILITY = YES;
				GCC_C_LANGUAGE_STANDARD = gnu99;
				GCC_DYNAMIC_NO_PIC = NO;
				GCC_NO_COMMON_BLOCKS = YES;
				GCC_OPTIMIZATION_LEVEL = 0;
				GCC_PREPROCESSOR_DEFINITIONS = (
					"DEBUG=1",
					"$(inherited)",
				);
				GCC_WARN_64_TO_32_BIT_CONVERSION = YES;
				GCC_WARN_ABOUT_RETURN_TYPE = YES_ERROR;
				GCC_WARN_UNDECLARED_SELECTOR = YES;
				GCC_WARN_UNINITIALIZED_AUTOS = YES_AGGRESSIVE;
				GCC_WARN_UNUSED_FUNCTION = YES;
				GCC_WARN_UNUSED_VARIABLE = YES;
				IPHONEOS_DEPLOYMENT_TARGET = 8.0;
				MTL_ENABLE_DEBUG_INFO = YES;
				ONLY_ACTIVE_ARCH = YES;
				SDKROOT = iphoneos;
			};
			name = Debug;
		};
		BC13219D1EB31FCA00E33CFF /* Release */ = {
			isa = XCBuildConfiguration;
			buildSettings = {
				ALWAYS_SEARCH_USER_PATHS = NO;
				CLANG_ANALYZER_NONNULL = YES;
				CLANG_CXX_LANGUAGE_STANDARD = "gnu++0x";
				CLANG_CXX_LIBRARY = "libc++";
				CLANG_ENABLE_MODULES = YES;
				CLANG_ENABLE_OBJC_ARC = YES;
				CLANG_WARN_BOOL_CONVERSION = YES;
				CLANG_WARN_CONSTANT_CONVERSION = YES;
				CLANG_WARN_DIRECT_OBJC_ISA_USAGE = YES_ERROR;
				CLANG_WARN_DOCUMENTATION_COMMENTS = YES;
				CLANG_WARN_EMPTY_BODY = YES;
				CLANG_WARN_ENUM_CONVERSION = YES;
				CLANG_WARN_INFINITE_RECURSION = YES;
				CLANG_WARN_INT_CONVERSION = YES;
				CLANG_WARN_OBJC_ROOT_CLASS = YES_ERROR;
				CLANG_WARN_SUSPICIOUS_MOVES = YES;
				CLANG_WARN_UNREACHABLE_CODE = YES;
				CLANG_WARN__DUPLICATE_METHOD_MATCH = YES;
				"CODE_SIGN_IDENTITY[sdk=iphoneos*]" = "iPhone Developer";
				COPY_PHASE_STRIP = NO;
				DEBUG_INFORMATION_FORMAT = "dwarf-with-dsym";
				ENABLE_NS_ASSERTIONS = NO;
				ENABLE_STRICT_OBJC_MSGSEND = YES;
				GCC_C_LANGUAGE_STANDARD = gnu99;
				GCC_NO_COMMON_BLOCKS = YES;
				GCC_WARN_64_TO_32_BIT_CONVERSION = YES;
				GCC_WARN_ABOUT_RETURN_TYPE = YES_ERROR;
				GCC_WARN_UNDECLARED_SELECTOR = YES;
				GCC_WARN_UNINITIALIZED_AUTOS = YES_AGGRESSIVE;
				GCC_WARN_UNUSED_FUNCTION = YES;
				GCC_WARN_UNUSED_VARIABLE = YES;
				IPHONEOS_DEPLOYMENT_TARGET = 8.0;
				MTL_ENABLE_DEBUG_INFO = NO;
				SDKROOT = iphoneos;
				VALIDATE_PRODUCT = YES;
			};
			name = Release;
		};
		BC13219F1EB31FCA00E33CFF /* Debug */ = {
			isa = XCBuildConfiguration;
			buildSettings = {
				ASSETCATALOG_COMPILER_APPICON_NAME = AppIcon;
				DEVELOPMENT_TEAM = "";
				INFOPLIST_FILE = addressBook/Info.plist;
				IPHONEOS_DEPLOYMENT_TARGET = 8.0;
				LD_RUNPATH_SEARCH_PATHS = "$(inherited) @executable_path/Frameworks";
				PRODUCT_BUNDLE_IDENTIFIER = com.xiaoyun.addressBook;
				PRODUCT_NAME = "$(TARGET_NAME)";
			};
			name = Debug;
		};
		BC1321A01EB31FCA00E33CFF /* Release */ = {
			isa = XCBuildConfiguration;
			buildSettings = {
				ASSETCATALOG_COMPILER_APPICON_NAME = AppIcon;
				DEVELOPMENT_TEAM = "";
				INFOPLIST_FILE = addressBook/Info.plist;
				IPHONEOS_DEPLOYMENT_TARGET = 8.0;
				LD_RUNPATH_SEARCH_PATHS = "$(inherited) @executable_path/Frameworks";
				PRODUCT_BUNDLE_IDENTIFIER = com.xiaoyun.addressBook;
				PRODUCT_NAME = "$(TARGET_NAME)";
			};
			name = Release;
		};
/* End XCBuildConfiguration section */

/* Begin XCConfigurationList section */
		BC1321821EB31FCA00E33CFF /* Build configuration list for PBXProject "addressBook" */ = {
			isa = XCConfigurationList;
			buildConfigurations = (
				BC13219C1EB31FCA00E33CFF /* Debug */,
				BC13219D1EB31FCA00E33CFF /* Release */,
			);
			defaultConfigurationIsVisible = 0;
			defaultConfigurationName = Release;
		};
		BC13219E1EB31FCA00E33CFF /* Build configuration list for PBXNativeTarget "addressBook" */ = {
			isa = XCConfigurationList;
			buildConfigurations = (
				BC13219F1EB31FCA00E33CFF /* Debug */,
				BC1321A01EB31FCA00E33CFF /* Release */,
			);
			defaultConfigurationIsVisible = 0;
			defaultConfigurationName = Release;
		};
/* End XCConfigurationList section */
	};
	rootObject = BC13217F1EB31FCA00E33CFF /* Project object */;
}
